
Microsoft Visual Studio Solution File, Format Version 12.00
# Visual Studio 15
Project("{FAE04EC0-301F-11D3-BF4B-00C04F79EFBC}") = "Assembly-CSharp", "Assembly-CSharp.csproj", "{87FD212A-997A-A872-BDE0-21B5A6F4E958}"
EndProject
Global
	GlobalSection(SolutionConfigurationPlatforms) = preSolution
		Debug|Any CPU = Debug|Any CPU
		Release|Any CPU = Release|Any CPU
	EndGlobalSection
	GlobalSection(ProjectConfigurationPlatforms) = postSolution
		{87FD212A-997A-A872-BDE0-21B5A6F4E958}.Debug|Any CPU.ActiveCfg = Debug|Any CPU
		{87FD212A-997A-A872-BDE0-21B5A6F4E958}.Debug|Any CPU.Build.0 = Debug|Any CPU
		{87FD212A-997A-A872-BDE0-21B5A6F4E958}.Release|Any CPU.ActiveCfg = Release|Any CPU
		{87FD212A-997A-A872-BDE0-21B5A6F4E958}.Release|Any CPU.Build.0 = Release|Any CPU
	EndGlobalSection
	GlobalSection(SolutionProperties) = preSolution
		HideSolutionNode = FALSE
	EndGlobalSection
EndGlobal
